{
  "name": "Project Game",
  "lockfileVersion": 2,
  "requires": true,
  "packages": {
    "": {
      "dependencies": {
        "animejs": "^3.2.1",
        "jquery": "^3.6.1",
        "sweetalert2": "^11.6.0"
      }
    },
    "node_modules/animejs": {
      "version": "3.2.1",
      "resolved": "https://registry.npmjs.org/animejs/-/animejs-3.2.1.tgz",
      "integrity": "sha512-sWno3ugFryK5nhiDm/2BKeFCpZv7vzerWUcUPyAZLDhMek3+S/p418ldZJbJXo5ZUOpfm2kP2XRO4NJcULMy9A=="
    },
    "node_modules/jquery": {
      "version": "3.6.1",
      "resolved": "https://registry.npmjs.org/jquery/-/jquery-3.6.1.tgz",
      "integrity": "sha512-opJeO4nCucVnsjiXOE+/PcCgYw9Gwpvs/a6B1LL/lQhwWwpbVEVYDZ1FokFr8PRc7ghYlrFPuyHuiiDNTQxmcw=="
    },
    "node_modules/sweetalert2": {
      "version": "11.6.0",
      "resolved": "https://registry.npmjs.org/sweetalert2/-/sweetalert2-11.6.0.tgz",
      "integrity": "sha512-OX0KKF5n1pNV8KH2T74WBM7735Rn+6YU0jEvEto4B0C7nu9keV7YgBxQ+nClUibyFKYr1Y2HkLtmBaXm/s8esg==",
      "funding": {
        "type": "individual",
        "url": "https://sweetalert2.github.io/#donations"
      }
    }
  },
  "dependencies": {
    "animejs": {
      "version": "3.2.1",
      "resolved": "https://registry.npmjs.org/animejs/-/animejs-3.2.1.tgz",
      "integrity": "sha512-sWno3ugFryK5nhiDm/2BKeFCpZv7vzerWUcUPyAZLDhMek3+S/p418ldZJbJXo5ZUOpfm2kP2XRO4NJcULMy9A=="
    },
    "jquery": {
      "version": "3.6.1",
      "resolved": "https://registry.npmjs.org/jquery/-/jquery-3.6.1.tgz",
      "integrity": "sha512-opJeO4nCucVnsjiXOE+/PcCgYw9Gwpvs/a6B1LL/lQhwWwpbVEVYDZ1FokFr8PRc7ghYlrFPuyHuiiDNTQxmcw=="
    },
    "sweetalert2": {
      "version": "11.6.0",
      "resolved": "https://registry.npmjs.org/sweetalert2/-/sweetalert2-11.6.0.tgz",
      "integrity": "sha512-OX0KKF5n1pNV8KH2T74WBM7735Rn+6YU0jEvEto4B0C7nu9keV7YgBxQ+nClUibyFKYr1Y2HkLtmBaXm/s8esg=="
    }
  }
}
